
Microsoft Visual Studio Solution File, Format Version 12.00
# Visual Studio Version 16
VisualStudioVersion = 16.0.30523.141
MinimumVisualStudioVersion = 10.0.40219.1
Project("{FAE04EC0-301F-11D3-BF4B-00C04F79EFBC}") = "calculatorConsole", "calculatorConsole\calculatorConsole.csproj", "{ABE12BDC-78A7-47D2-AAF1-4BF6F9B75895}"
EndProject
Global
	GlobalSection(SolutionConfigurationPlatforms) = preSolution
		Debug|Any CPU = Debug|Any CPU
		Release|Any CPU = Release|Any CPU
	EndGlobalSection
	GlobalSection(ProjectConfigurationPlatforms) = postSolution
		{ABE12BDC-78A7-47D2-AAF1-4BF6F9B75895}.Debug|Any CPU.ActiveCfg = Debug|Any CPU
		{ABE12BDC-78A7-47D2-AAF1-4BF6F9B75895}.Debug|Any CPU.Build.0 = Debug|Any CPU
		{ABE12BDC-78A7-47D2-AAF1-4BF6F9B75895}.Release|Any CPU.ActiveCfg = Release|Any CPU
		{ABE12BDC-78A7-47D2-AAF1-4BF6F9B75895}.Release|Any CPU.Build.0 = Release|Any CPU
	EndGlobalSection
	GlobalSection(SolutionProperties) = preSolution
		HideSolutionNode = FALSE
	EndGlobalSection
	GlobalSection(ExtensibilityGlobals) = postSolution
		SolutionGuid = {EEE35CF1-3108-4FA2-AE7A-F9B74449CA1E}
	EndGlobalSection
EndGlobal
